
Microsoft Visual Studio Solution File, Format Version 12.00
# Visual Studio Version 16
VisualStudioVersion = 16.0.30204.135
MinimumVisualStudioVersion = 10.0.40219.1
Project("{FAE04EC0-301F-11D3-BF4B-00C04F79EFBC}") = "OpenWeatherMapClient", "OpenWeatherMapClient\OpenWeatherMapClient.csproj", "{005A8DDF-B62F-4650-8E14-9F8A78A75609}"
EndProject
Project("{FAE04EC0-301F-11D3-BF4B-00C04F79EFBC}") = "DebugHelper", "DebugHelper\DebugHelper.csproj", "{43C7A08F-EA9F-4F64-9D0D-AB36AF8BE4AA}"
EndProject
Project("{FAE04EC0-301F-11D3-BF4B-00C04F79EFBC}") = "KurosukeInfoBoard", "KurosukeInfoBoard\KurosukeInfoBoard.csproj", "{10B15434-AF42-467F-A5DC-524F6C1BE06D}"
EndProject
Global
	GlobalSection(SolutionConfigurationPlatforms) = preSolution
		Debug|Any CPU = Debug|Any CPU
		Debug|ARM = Debug|ARM
		Debug|ARM64 = Debug|ARM64
		Debug|x64 = Debug|x64
		Debug|x86 = Debug|x86
		Release|Any CPU = Release|Any CPU
		Release|ARM = Release|ARM
		Release|ARM64 = Release|ARM64
		Release|x64 = Release|x64
		Release|x86 = Release|x86
	EndGlobalSection
	GlobalSection(ProjectConfigurationPlatforms) = postSolution
		{005A8DDF-B62F-4650-8E14-9F8A78A75609}.Debug|Any CPU.ActiveCfg = Debug|Any CPU
		{005A8DDF-B62F-4650-8E14-9F8A78A75609}.Debug|Any CPU.Build.0 = Debug|Any CPU
		{005A8DDF-B62F-4650-8E14-9F8A78A75609}.Debug|ARM.ActiveCfg = Debug|ARM
		{005A8DDF-B62F-4650-8E14-9F8A78A75609}.Debug|ARM.Build.0 = Debug|ARM
		{005A8DDF-B62F-4650-8E14-9F8A78A75609}.Debug|ARM64.ActiveCfg = Debug|ARM64
		{005A8DDF-B62F-4650-8E14-9F8A78A75609}.Debug|ARM64.Build.0 = Debug|ARM64
		{005A8DDF-B62F-4650-8E14-9F8A78A75609}.Debug|x64.ActiveCfg = Debug|x64
		{005A8DDF-B62F-4650-8E14-9F8A78A75609}.Debug|x64.Build.0 = Debug|x64
		{005A8DDF-B62F-4650-8E14-9F8A78A75609}.Debug|x86.ActiveCfg = Debug|x86
		{005A8DDF-B62F-4650-8E14-9F8A78A75609}.Debug|x86.Build.0 = Debug|x86
		{005A8DDF-B62F-4650-8E14-9F8A78A75609}.Release|Any CPU.ActiveCfg = Release|Any CPU
		{005A8DDF-B62F-4650-8E14-9F8A78A75609}.Release|Any CPU.Build.0 = Release|Any CPU
		{005A8DDF-B62F-4650-8E14-9F8A78A75609}.Release|ARM.ActiveCfg = Release|ARM
		{005A8DDF-B62F-4650-8E14-9F8A78A75609}.Release|ARM.Build.0 = Release|ARM
		{005A8DDF-B62F-4650-8E14-9F8A78A75609}.Release|ARM64.ActiveCfg = Release|ARM64
		{005A8DDF-B62F-4650-8E14-9F8A78A75609}.Release|ARM64.Build.0 = Release|ARM64
		{005A8DDF-B62F-4650-8E14-9F8A78A75609}.Release|x64.ActiveCfg = Release|x64
		{005A8DDF-B62F-4650-8E14-9F8A78A75609}.Release|x64.Build.0 = Release|x64
		{005A8DDF-B62F-4650-8E14-9F8A78A75609}.Release|x86.ActiveCfg = Release|x86
		{005A8DDF-B62F-4650-8E14-9F8A78A75609}.Release|x86.Build.0 = Release|x86
		{43C7A08F-EA9F-4F64-9D0D-AB36AF8BE4AA}.Debug|Any CPU.ActiveCfg = Debug|Any CPU
		{43C7A08F-EA9F-4F64-9D0D-AB36AF8BE4AA}.Debug|Any CPU.Build.0 = Debug|Any CPU
		{43C7A08F-EA9F-4F64-9D0D-AB36AF8BE4AA}.Debug|ARM.ActiveCfg = Debug|ARM
		{43C7A08F-EA9F-4F64-9D0D-AB36AF8BE4AA}.Debug|ARM.Build.0 = Debug|ARM
		{43C7A08F-EA9F-4F64-9D0D-AB36AF8BE4AA}.Debug|ARM64.ActiveCfg = Debug|ARM64
		{43C7A08F-EA9F-4F64-9D0D-AB36AF8BE4AA}.Debug|ARM64.Build.0 = Debug|ARM64
		{43C7A08F-EA9F-4F64-9D0D-AB36AF8BE4AA}.Debug|x64.ActiveCfg = Debug|x64
		{43C7A08F-EA9F-4F64-9D0D-AB36AF8BE4AA}.Debug|x64.Build.0 = Debug|x64
		{43C7A08F-EA9F-4F64-9D0D-AB36AF8BE4AA}.Debug|x86.ActiveCfg = Debug|x86
		{43C7A08F-EA9F-4F64-9D0D-AB36AF8BE4AA}.Debug|x86.Build.0 = Debug|x86
		{43C7A08F-EA9F-4F64-9D0D-AB36AF8BE4AA}.Release|Any CPU.ActiveCfg = Release|Any CPU
		{43C7A08F-EA9F-4F64-9D0D-AB36AF8BE4AA}.Release|Any CPU.Build.0 = Release|Any CPU
		{43C7A08F-EA9F-4F64-9D0D-AB36AF8BE4AA}.Release|ARM.ActiveCfg = Release|ARM
		{43C7A08F-EA9F-4F64-9D0D-AB36AF8BE4AA}.Release|ARM.Build.0 = Release|ARM
		{43C7A08F-EA9F-4F64-9D0D-AB36AF8BE4AA}.Release|ARM64.ActiveCfg = Release|ARM64
		{43C7A08F-EA9F-4F64-9D0D-AB36AF8BE4AA}.Release|ARM64.Build.0 = Release|ARM64
		{43C7A08F-EA9F-4F64-9D0D-AB36AF8BE4AA}.Release|x64.ActiveCfg = Release|x64
		{43C7A08F-EA9F-4F64-9D0D-AB36AF8BE4AA}.Release|x64.Build.0 = Release|x64
		{43C7A08F-EA9F-4F64-9D0D-AB36AF8BE4AA}.Release|x86.ActiveCfg = Release|x86
		{43C7A08F-EA9F-4F64-9D0D-AB36AF8BE4AA}.Release|x86.Build.0 = Release|x86
		{10B15434-AF42-467F-A5DC-524F6C1BE06D}.Debug|Any CPU.ActiveCfg = Debug|x86
		{10B15434-AF42-467F-A5DC-524F6C1BE06D}.Debug|ARM.ActiveCfg = Debug|ARM
		{10B15434-AF42-467F-A5DC-524F6C1BE06D}.Debug|ARM.Build.0 = Debug|ARM
		{10B15434-AF42-467F-A5DC-524F6C1BE06D}.Debug|ARM.Deploy.0 = Debug|ARM
		{10B15434-AF42-467F-A5DC-524F6C1BE06D}.Debug|ARM64.ActiveCfg = Debug|ARM64
		{10B15434-AF42-467F-A5DC-524F6C1BE06D}.Debug|ARM64.Build.0 = Debug|ARM64
		{10B15434-AF42-467F-A5DC-524F6C1BE06D}.Debug|ARM64.Deploy.0 = Debug|ARM64
		{10B15434-AF42-467F-A5DC-524F6C1BE06D}.Debug|x64.ActiveCfg = Debug|x64
		{10B15434-AF42-467F-A5DC-524F6C1BE06D}.Debug|x64.Build.0 = Debug|x64
		{10B15434-AF42-467F-A5DC-524F6C1BE06D}.Debug|x64.Deploy.0 = Debug|x64
		{10B15434-AF42-467F-A5DC-524F6C1BE06D}.Debug|x86.ActiveCfg = Debug|x86
		{10B15434-AF42-467F-A5DC-524F6C1BE06D}.Debug|x86.Build.0 = Debug|x86
		{10B15434-AF42-467F-A5DC-524F6C1BE06D}.Debug|x86.Deploy.0 = Debug|x86
		{10B15434-AF42-467F-A5DC-524F6C1BE06D}.Release|Any CPU.ActiveCfg = Release|x86
		{10B15434-AF42-467F-A5DC-524F6C1BE06D}.Release|ARM.ActiveCfg = Release|ARM
		{10B15434-AF42-467F-A5DC-524F6C1BE06D}.Release|ARM.Build.0 = Release|ARM
		{10B15434-AF42-467F-A5DC-524F6C1BE06D}.Release|ARM.Deploy.0 = Release|ARM
		{10B15434-AF42-467F-A5DC-524F6C1BE06D}.Release|ARM64.ActiveCfg = Release|ARM64
		{10B15434-AF42-467F-A5DC-524F6C1BE06D}.Release|ARM64.Build.0 = Release|ARM64
		{10B15434-AF42-467F-A5DC-524F6C1BE06D}.Release|ARM64.Deploy.0 = Release|ARM64
		{10B15434-AF42-467F-A5DC-524F6C1BE06D}.Release|x64.ActiveCfg = Release|x64
		{10B15434-AF42-467F-A5DC-524F6C1BE06D}.Release|x64.Build.0 = Release|x64
		{10B15434-AF42-467F-A5DC-524F6C1BE06D}.Release|x64.Deploy.0 = Release|x64
		{10B15434-AF42-467F-A5DC-524F6C1BE06D}.Release|x86.ActiveCfg = Release|x86
		{10B15434-AF42-467F-A5DC-524F6C1BE06D}.Release|x86.Build.0 = Release|x86
		{10B15434-AF42-467F-A5DC-524F6C1BE06D}.Release|x86.Deploy.0 = Release|x86
	EndGlobalSection
	GlobalSection(SolutionProperties) = preSolution
		HideSolutionNode = FALSE
	EndGlobalSection
	GlobalSection(ExtensibilityGlobals) = postSolution
		SolutionGuid = {EF0548D7-778A-4D5B-98F8-13E4DBF93269}
	EndGlobalSection
EndGlobal
